Microsoft Visual Studio Solution File, Format Version 10.00
# Visual Studio 2008
Project("{8BC9CEB8-8B4A-11D0-8D11-00A0C91BC942}") = "TextEdit", "TextEdit.vcproj", "{26299D40-2BBC-4017-889B-D40905F737BC}"
EndProject
Global
	GlobalSection(SolutionConfigurationPlatforms) = preSolution
		Ansi Debug|Win32 = Ansi Debug|Win32
		Ansi Release|Win32 = Ansi Release|Win32
		Debug|Win32 = Debug|Win32
		Release|Win32 = Release|Win32
		Unicode Debug|Win32 = Unicode Debug|Win32
		Unicode Release|Win32 = Unicode Release|Win32
	EndGlobalSection
	GlobalSection(ProjectConfigurationPlatforms) = postSolution
		{26299D40-2BBC-4017-889B-D40905F737BC}.Ansi Debug|Win32.ActiveCfg = Debug|Win32
		{26299D40-2BBC-4017-889B-D40905F737BC}.Ansi Debug|Win32.Build.0 = Debug|Win32
		{26299D40-2BBC-4017-889B-D40905F737BC}.Ansi Release|Win32.ActiveCfg = Release|Win32
		{26299D40-2BBC-4017-889B-D40905F737BC}.Ansi Release|Win32.Build.0 = Release|Win32
		{26299D40-2BBC-4017-889B-D40905F737BC}.Debug|Win32.ActiveCfg = Debug|Win32
		{26299D40-2BBC-4017-889B-D40905F737BC}.Debug|Win32.Build.0 = Debug|Win32
		{26299D40-2BBC-4017-889B-D40905F737BC}.Release|Win32.ActiveCfg = Release|Win32
		{26299D40-2BBC-4017-889B-D40905F737BC}.Release|Win32.Build.0 = Release|Win32
		{26299D40-2BBC-4017-889B-D40905F737BC}.Unicode Debug|Win32.ActiveCfg = Unicode Debug|Win32
		{26299D40-2BBC-4017-889B-D40905F737BC}.Unicode Debug|Win32.Build.0 = Unicode Debug|Win32
		{26299D40-2BBC-4017-889B-D40905F737BC}.Unicode Release|Win32.ActiveCfg = Unicode Release|Win32
		{26299D40-2BBC-4017-889B-D40905F737BC}.Unicode Release|Win32.Build.0 = Unicode Release|Win32
	EndGlobalSection
	GlobalSection(SolutionProperties) = preSolution
		HideSolutionNode = FALSE
	EndGlobalSection
EndGlobal
