<?xml version="1.0" encoding="utf-8"?>
<Project ToolsVersion="4.0" xmlns="http://schemas.microsoft.com/developer/msbuild/2003">
  <ItemGroup>
    <ClCompile Include="src\AboutDlg.cpp">
      <Filter>Source Files</Filter>
    </ClCompile>
    <ClCompile Include="src\AbstractEditWnd.cpp">
      <Filter>Source Files</Filter>
    </ClCompile>
    <ClCompile Include="src\activateOldInstance.cpp">
      <Filter>Source Files</Filter>
    </ClCompile>
    <ClCompile Include="src\addAtom.cpp">
      <Filter>Source Files</Filter>
    </ClCompile>
    <ClCompile Include="src\ArgumentList.cpp">
      <Filter>Source Files</Filter>
    </ClCompile>
    <ClCompile Include="src\ComSupport.cpp">
      <Filter>Source Files</Filter>
    </ClCompile>
    <ClCompile Include="src\createNewFile.cpp">
      <Filter>Source Files</Filter>
    </ClCompile>
    <ClCompile Include="src\DeleteDlg.cpp">
      <Filter>Source Files</Filter>
    </ClCompile>
    <ClCompile Include="src\devMode.cpp">
      <Filter>Source Files</Filter>
    </ClCompile>
    <ClCompile Include="src\devNames.cpp">
      <Filter>Source Files</Filter>
    </ClCompile>
    <ClCompile Include="src\Dialog.cpp">
      <Filter>Source Files</Filter>
    </ClCompile>
    <ClCompile Include="src\dlgSubclasser.cpp">
      <Filter>Source Files</Filter>
    </ClCompile>
    <ClCompile Include="src\Document.cpp">
      <Filter>Source Files</Filter>
    </ClCompile>
    <ClCompile Include="src\Editor.cpp">
      <Filter>Source Files</Filter>
    </ClCompile>
    <ClCompile Include="src\EditWnd.cpp">
      <Filter>Source Files</Filter>
    </ClCompile>
    <ClCompile Include="src\EditWordBreakProc.cpp">
      <Filter>Source Files</Filter>
    </ClCompile>
    <ClCompile Include="src\Exception.cpp">
      <Filter>Source Files</Filter>
    </ClCompile>
    <ClCompile Include="src\exeContainsLanguageResources.cpp">
      <Filter>Source Files</Filter>
    </ClCompile>
    <ClCompile Include="src\FileMapping.cpp">
      <Filter>Source Files</Filter>
    </ClCompile>
    <ClCompile Include="src\FileNotFoundDlg.cpp">
      <Filter>Source Files</Filter>
    </ClCompile>
    <ClCompile Include="src\FileType.cpp">
      <Filter>Source Files</Filter>
    </ClCompile>
    <ClCompile Include="src\fileUtils.cpp">
      <Filter>Source Files</Filter>
    </ClCompile>
    <ClCompile Include="src\FindDlg.cpp">
      <Filter>Source Files</Filter>
    </ClCompile>
    <ClCompile Include="src\FontDlg.cpp">
      <Filter>Source Files</Filter>
    </ClCompile>
    <ClCompile Include="src\formatMessage.cpp">
      <Filter>Source Files</Filter>
    </ClCompile>
    <ClCompile Include="src\formatNumber.cpp">
      <Filter>Source Files</Filter>
    </ClCompile>
    <ClCompile Include="src\getLongPathName.cpp">
      <Filter>Source Files</Filter>
    </ClCompile>
    <ClCompile Include="src\GlobalSubclasser.cpp">
      <Filter>Source Files</Filter>
    </ClCompile>
    <ClCompile Include="src\handlers.cpp">
      <Filter>Source Files</Filter>
    </ClCompile>
    <ClCompile Include="src\help.cpp">
      <Filter>Source Files</Filter>
    </ClCompile>
    <ClCompile Include="src\HTML.cpp">
      <Filter>Source Files</Filter>
    </ClCompile>
    <ClCompile Include="src\init.cpp">
      <Filter>Source Files</Filter>
    </ClCompile>
    <ClCompile Include="src\InstallDlg1.cpp">
      <Filter>Source Files</Filter>
    </ClCompile>
    <ClCompile Include="src\InstanceSubclasser.cpp">
      <Filter>Source Files</Filter>
    </ClCompile>
    <ClCompile Include="src\language.cpp">
      <Filter>Source Files</Filter>
    </ClCompile>
    <ClCompile Include="src\link.cpp">
      <Filter>Source Files</Filter>
    </ClCompile>
    <ClCompile Include="src\mainwnd.cpp">
      <Filter>Source Files</Filter>
    </ClCompile>
    <ClCompile Include="src\MenuFont.cpp">
      <Filter>Source Files</Filter>
    </ClCompile>
    <ClCompile Include="src\menuUtils.cpp">
      <Filter>Source Files</Filter>
    </ClCompile>
    <ClCompile Include="src\MRU.cpp">
      <Filter>Source Files</Filter>
    </ClCompile>
    <ClCompile Include="src\openDlgCommon.cpp">
      <Filter>Source Files</Filter>
    </ClCompile>
    <ClCompile Include="src\openFileDlg.cpp">
      <Filter>Source Files</Filter>
    </ClCompile>
    <ClCompile Include="src\OptionsDlg.cpp">
      <Filter>Source Files</Filter>
    </ClCompile>
    <ClCompile Include="src\os.cpp">
      <Filter>Source Files</Filter>
    </ClCompile>
    <ClCompile Include="src\precomp.cpp">
      <Filter>Source Files</Filter>
    </ClCompile>
    <ClCompile Include="src\print.cpp">
      <Filter>Source Files</Filter>
    </ClCompile>
    <ClCompile Include="src\printFile.cpp">
      <Filter>Source Files</Filter>
    </ClCompile>
    <ClCompile Include="src\PropertiesDlg.cpp">
      <Filter>Source Files</Filter>
    </ClCompile>
    <ClCompile Include="src\reboot.cpp">
      <Filter>Source Files</Filter>
    </ClCompile>
    <ClCompile Include="src\Registry.cpp">
      <Filter>Source Files</Filter>
    </ClCompile>
    <ClCompile Include="src\RegRename.cpp">
      <Filter>Source Files</Filter>
    </ClCompile>
    <ClCompile Include="src\resolveName.cpp">
      <Filter>Source Files</Filter>
    </ClCompile>
    <ClCompile Include="src\RichEditWnd.cpp">
      <Filter>Source Files</Filter>
    </ClCompile>
    <ClCompile Include="src\saveFile.cpp">
      <Filter>Source Files</Filter>
    </ClCompile>
    <ClCompile Include="src\search.cpp">
      <Filter>Source Files</Filter>
    </ClCompile>
    <ClCompile Include="src\setup.cpp">
      <Filter>Source Files</Filter>
    </ClCompile>
    <ClCompile Include="src\SetupDlg.cpp">
      <Filter>Source Files</Filter>
    </ClCompile>
    <ClCompile Include="src\setupPage.cpp">
      <Filter>Source Files</Filter>
    </ClCompile>
    <ClCompile Include="src\startInstance.cpp">
      <Filter>Source Files</Filter>
    </ClCompile>
    <ClCompile Include="src\StatusBar.cpp">
      <Filter>Source Files</Filter>
    </ClCompile>
    <ClCompile Include="src\Toolbar.cpp">
      <Filter>Source Files</Filter>
    </ClCompile>
    <ClCompile Include="src\trace.cpp">
      <Filter>Source Files</Filter>
    </ClCompile>
    <ClCompile Include="src\utils.cpp">
      <Filter>Source Files</Filter>
    </ClCompile>
    <ClCompile Include="src\VersionInfo.cpp">
      <Filter>Source Files</Filter>
    </ClCompile>
    <ClCompile Include="src\WaitCursor.cpp">
      <Filter>Source Files</Filter>
    </ClCompile>
    <ClCompile Include="src\Window.cpp">
      <Filter>Source Files</Filter>
    </ClCompile>
    <ClCompile Include="src\winUtils.cpp">
      <Filter>Source Files</Filter>
    </ClCompile>
    <ClCompile Include="src\combobug.c">
      <Filter>Source Files</Filter>
    </ClCompile>
    <ClCompile Include="src\themes.c">
      <Filter>Source Files</Filter>
    </ClCompile>
    <ClCompile Include="src\wdjsub.c">
      <Filter>Source Files</Filter>
    </ClCompile>
    <ClCompile Include="src\wnd_snap.c">
      <Filter>Source Files</Filter>
    </ClCompile>
    <ClCompile Include="src\WinMain.cpp">
      <Filter>Source Files</Filter>
    </ClCompile>
  </ItemGroup>
  <ItemGroup>
    <Filter Include="Source Files">
      <UniqueIdentifier>{4FC737F1-C7A5-4376-A066-2A32D752A2FF}</UniqueIdentifier>
      <Extensions>cpp;c;cc;cxx;def;odl;idl;hpj;bat;asm;asmx</Extensions>
    </Filter>
    <Filter Include="Header Files">
      <UniqueIdentifier>{93995380-89BD-4b04-88EB-625FBE52EBFB}</UniqueIdentifier>
      <Extensions>h;hh;hpp;hxx;hm;inl;inc;ipp;xsd</Extensions>
    </Filter>
    <Filter Include="Resource Files">
      <UniqueIdentifier>{67DA6AB6-F800-4c08-8B7A-83BB121AAD01}</UniqueIdentifier>
      <Extensions>rc;ico;cur;bmp;dlg;rc2;rct;bin;rgs;gif;jpg;jpeg;jpe;resx;tiff;tif;png;wav;mfcribbon-ms</Extensions>
    </Filter>
  </ItemGroup>
  <ItemGroup>
    <Manifest Include="TextEdit.exe.manifest" />
  </ItemGroup>
  <ItemGroup>
    <ClInclude Include="src\AboutDlg.h">
      <Filter>Header Files</Filter>
    </ClInclude>
    <ClInclude Include="src\AbstractEditWnd.h">
      <Filter>Header Files</Filter>
    </ClInclude>
    <ClInclude Include="src\activateOldInstance.h">
      <Filter>Header Files</Filter>
    </ClInclude>
    <ClInclude Include="src\addAtom.h">
      <Filter>Header Files</Filter>
    </ClInclude>
    <ClInclude Include="src\ArgumentList.h">
      <Filter>Header Files</Filter>
    </ClInclude>
    <ClInclude Include="src\AutoArray.h">
      <Filter>Header Files</Filter>
    </ClInclude>
    <ClInclude Include="src\AutoComReference.h">
      <Filter>Header Files</Filter>
    </ClInclude>
    <ClInclude Include="src\AutoGlobalMemoryHandle.h">
      <Filter>Header Files</Filter>
    </ClInclude>
    <ClInclude Include="src\AutoHandle.h">
      <Filter>Header Files</Filter>
    </ClInclude>
    <ClInclude Include="src\AutoLibrary.h">
      <Filter>Header Files</Filter>
    </ClInclude>
    <ClInclude Include="src\AutoPtr.h">
      <Filter>Header Files</Filter>
    </ClInclude>
    <ClInclude Include="src\AutoShellObject.h">
      <Filter>Header Files</Filter>
    </ClInclude>
    <ClInclude Include="src\build.h">
      <Filter>Header Files</Filter>
    </ClInclude>
    <ClInclude Include="src\createNewFile.h">
      <Filter>Header Files</Filter>
    </ClInclude>
    <ClInclude Include="src\ComSupport.h">
      <Filter>Header Files</Filter>
    </ClInclude>
    <ClInclude Include="src\common.h">
      <Filter>Header Files</Filter>
    </ClInclude>
    <ClInclude Include="src\combobug.h">
      <Filter>Header Files</Filter>
    </ClInclude>
    <ClInclude Include="src\ClientDC.h">
      <Filter>Header Files</Filter>
    </ClInclude>
    <ClInclude Include="src\CharClasses.h">
      <Filter>Header Files</Filter>
    </ClInclude>
    <ClInclude Include="src\DeleteDlg.h">
      <Filter>Header Files</Filter>
    </ClInclude>
    <ClInclude Include="src\devMode.h">
      <Filter>Header Files</Filter>
    </ClInclude>
    <ClInclude Include="src\devNames.h">
      <Filter>Header Files</Filter>
    </ClInclude>
    <ClInclude Include="src\Dialog.h">
      <Filter>Header Files</Filter>
    </ClInclude>
    <ClInclude Include="src\DisableDebugFill.h">
      <Filter>Header Files</Filter>
    </ClInclude>
    <ClInclude Include="src\Document.h">
      <Filter>Header Files</Filter>
    </ClInclude>
    <ClInclude Include="src\Editor.h">
      <Filter>Header Files</Filter>
    </ClInclude>
    <ClInclude Include="src\EditWnd.h">
      <Filter>Header Files</Filter>
    </ClInclude>
    <ClInclude Include="src\EditWordBreakProc.h">
      <Filter>Header Files</Filter>
    </ClInclude>
    <ClInclude Include="src\Exception.h">
      <Filter>Header Files</Filter>
    </ClInclude>
    <ClInclude Include="src\exeContainsLanguageResources.h">
      <Filter>Header Files</Filter>
    </ClInclude>
    <ClInclude Include="src\FileMapping.h">
      <Filter>Header Files</Filter>
    </ClInclude>
    <ClInclude Include="src\FileNotFoundDlg.h">
      <Filter>Header Files</Filter>
    </ClInclude>
    <ClInclude Include="src\FileType.h">
      <Filter>Header Files</Filter>
    </ClInclude>
    <ClInclude Include="src\fileUtils.h">
      <Filter>Header Files</Filter>
    </ClInclude>
    <ClInclude Include="src\FindDlg.h">
      <Filter>Header Files</Filter>
    </ClInclude>
    <ClInclude Include="src\FontDlg.h">
      <Filter>Header Files</Filter>
    </ClInclude>
    <ClInclude Include="src\formatMessage.h">
      <Filter>Header Files</Filter>
    </ClInclude>
    <ClInclude Include="src\formatNumber.h">
      <Filter>Header Files</Filter>
    </ClInclude>
    <ClInclude Include="src\geometry.h">
      <Filter>Header Files</Filter>
    </ClInclude>
    <ClInclude Include="src\GlobalSubclasser.h">
      <Filter>Header Files</Filter>
    </ClInclude>
    <ClInclude Include="src\graphics.h">
      <Filter>Header Files</Filter>
    </ClInclude>
    <ClInclude Include="src\handlers.h">
      <Filter>Header Files</Filter>
    </ClInclude>
    <ClInclude Include="src\help.h">
      <Filter>Header Files</Filter>
    </ClInclude>
    <ClInclude Include="src\HTML.h">
      <Filter>Header Files</Filter>
    </ClInclude>
    <ClInclude Include="src\init.h">
      <Filter>Header Files</Filter>
    </ClInclude>
    <ClInclude Include="src\InstallDlg1.h">
      <Filter>Header Files</Filter>
    </ClInclude>
    <ClInclude Include="src\InstanceSubclasser.h">
      <Filter>Header Files</Filter>
    </ClInclude>
    <ClInclude Include="src\language.h">
      <Filter>Header Files</Filter>
    </ClInclude>
    <ClInclude Include="src\main_class.h">
      <Filter>Header Files</Filter>
    </ClInclude>
    <ClInclude Include="src\mainwnd.h">
      <Filter>Header Files</Filter>
    </ClInclude>
    <ClInclude Include="src\MenuFont.h">
      <Filter>Header Files</Filter>
    </ClInclude>
    <ClInclude Include="src\menuUtils.h">
      <Filter>Header Files</Filter>
    </ClInclude>
    <ClInclude Include="src\messages.h">
      <Filter>Header Files</Filter>
    </ClInclude>
    <ClInclude Include="src\MRU.h">
      <Filter>Header Files</Filter>
    </ClInclude>
    <ClInclude Include="src\openDlgCommon.h">
      <Filter>Header Files</Filter>
    </ClInclude>
    <ClInclude Include="src\OptionsDlg.h">
      <Filter>Header Files</Filter>
    </ClInclude>
    <ClInclude Include="src\os.h">
      <Filter>Header Files</Filter>
    </ClInclude>
    <ClInclude Include="src\PaintStruct.h">
      <Filter>Header Files</Filter>
    </ClInclude>
    <ClInclude Include="src\persistence.h">
      <Filter>Header Files</Filter>
    </ClInclude>
    <ClInclude Include="src\precomp.h">
      <Filter>Header Files</Filter>
    </ClInclude>
    <ClInclude Include="src\printFile.h">
      <Filter>Header Files</Filter>
    </ClInclude>
    <ClInclude Include="src\PropertiesDlg.h">
      <Filter>Header Files</Filter>
    </ClInclude>
    <ClInclude Include="src\reboot.h">
      <Filter>Header Files</Filter>
    </ClInclude>
    <ClInclude Include="src\RedrawHider.h">
      <Filter>Header Files</Filter>
    </ClInclude>
    <ClInclude Include="src\registry.h">
      <Filter>Header Files</Filter>
    </ClInclude>
    <ClInclude Include="src\RichEditWnd.h">
      <Filter>Header Files</Filter>
    </ClInclude>
    <ClInclude Include="src\resource.h">
      <Filter>Header Files</Filter>
    </ClInclude>
    <ClInclude Include="src\resolveName.h">
      <Filter>Header Files</Filter>
    </ClInclude>
    <ClInclude Include="src\RegRename.h">
      <Filter>Header Files</Filter>
    </ClInclude>
    <ClInclude Include="src\RegKey.h">
      <Filter>Header Files</Filter>
    </ClInclude>
    <ClInclude Include="src\search.h">
      <Filter>Header Files</Filter>
    </ClInclude>
    <ClInclude Include="src\setup.h">
      <Filter>Header Files</Filter>
    </ClInclude>
    <ClInclude Include="src\SetupDlg.h">
      <Filter>Header Files</Filter>
    </ClInclude>
    <ClInclude Include="src\setupPage.h">
      <Filter>Header Files</Filter>
    </ClInclude>
    <ClInclude Include="src\SilentErrorMode.h">
      <Filter>Header Files</Filter>
    </ClInclude>
    <ClInclude Include="src\startInstance.h">
      <Filter>Header Files</Filter>
    </ClInclude>
    <ClInclude Include="src\StatusBar.h">
      <Filter>Header Files</Filter>
    </ClInclude>
    <ClInclude Include="src\string.h">
      <Filter>Header Files</Filter>
    </ClInclude>
    <ClInclude Include="src\themes.h">
      <Filter>Header Files</Filter>
    </ClInclude>
    <ClInclude Include="src\threads.h">
      <Filter>Header Files</Filter>
    </ClInclude>
    <ClInclude Include="src\timers.h">
      <Filter>Header Files</Filter>
    </ClInclude>
    <ClInclude Include="src\Toolbar.h">
      <Filter>Header Files</Filter>
    </ClInclude>
    <ClInclude Include="src\trace.h">
      <Filter>Header Files</Filter>
    </ClInclude>
    <ClInclude Include="src\unicode.h">
      <Filter>Header Files</Filter>
    </ClInclude>
    <ClInclude Include="src\utils.h">
      <Filter>Header Files</Filter>
    </ClInclude>
    <ClInclude Include="src\VersionInfo.h">
      <Filter>Header Files</Filter>
    </ClInclude>
    <ClInclude Include="src\WaitCursor.h">
      <Filter>Header Files</Filter>
    </ClInclude>
    <ClInclude Include="src\warnings.h">
      <Filter>Header Files</Filter>
    </ClInclude>
    <ClInclude Include="src\wdjsub.h">
      <Filter>Header Files</Filter>
    </ClInclude>
    <ClInclude Include="src\Window.h">
      <Filter>Header Files</Filter>
    </ClInclude>
    <ClInclude Include="src\winUtils.h">
      <Filter>Header Files</Filter>
    </ClInclude>
    <ClInclude Include="src\wnd_snap.h">
      <Filter>Header Files</Filter>
    </ClInclude>
  </ItemGroup>
  <ItemGroup>
    <None Include=".gitignore" />
    <None Include="Registry.reg" />
    <None Include="Help\TextEdit.cnt" />
    <None Include="Help\TEXTEDIT.HLP" />
    <None Include="Help\TextEdit.hpj">
      <Filter>Source Files</Filter>
    </None>
    <None Include="Help\TextEdit.rtf" />
    <None Include="res\accessories-text-editor.xcf">
      <Filter>Resource Files</Filter>
    </None>
    <None Include="res\arrow_down.ico">
      <Filter>Resource Files</Filter>
    </None>
    <None Include="res\arrow_up.ico">
      <Filter>Resource Files</Filter>
    </None>
    <None Include="res\autourlo.ico">
      <Filter>Resource Files</Filter>
    </None>
    <None Include="res\autourloff.ico">
      <Filter>Resource Files</Filter>
    </None>
    <None Include="res\autowordselectOff.ico">
      <Filter>Resource Files</Filter>
    </None>
    <None Include="res\autowordselectOn.ico">
      <Filter>Resource Files</Filter>
    </None>
    <None Include="res\delete.ico">
      <Filter>Resource Files</Filter>
    </None>
    <None Include="res\find.ico">
      <Filter>Resource Files</Filter>
    </None>
    <None Include="res\fixed_font.ico">
      <Filter>Resource Files</Filter>
    </None>
    <None Include="Help\map.hh">
      <Filter>Header Files</Filter>
    </None>
    <None Include="res\ms_dos.ico">
      <Filter>Resource Files</Filter>
    </None>
    <None Include="res\prog_folder.ico">
      <Filter>Resource Files</Filter>
    </None>
    <None Include="res\proportional_font.ico">
      <Filter>Resource Files</Filter>
    </None>
    <None Include="..\..\Program Files\Microsoft Visual Studio\Common\Graphics\Videos\SEARCH.AVI">
      <Filter>Resource Files</Filter>
    </None>
    <None Include="res\setup.ico">
      <Filter>Resource Files</Filter>
    </None>
    <None Include="res\textedit.ico">
      <Filter>Resource Files</Filter>
    </None>
    <None Include="res\textedit2.ico">
      <Filter>Resource Files</Filter>
    </None>
    <None Include="res\toolbar_large.bmp">
      <Filter>Resource Files</Filter>
    </None>
    <None Include="res\WasteBasket.ico">
      <Filter>Resource Files</Filter>
    </None>
    <None Include="res\Toolbar.bmp">
      <Filter>Resource Files</Filter>
    </None>
    <None Include="res\WastebasketEmpty.ico">
      <Filter>Resource Files</Filter>
    </None>
  </ItemGroup>
  <ItemGroup>
    <Image Include="res\accessories-text-editor.ico">
      <Filter>Resource Files</Filter>
    </Image>
  </ItemGroup>
  <ItemGroup>
    <ResourceCompile Include="src\TextEdit.rc">
      <Filter>Resource Files</Filter>
    </ResourceCompile>
  </ItemGroup>
</Project>